
Microsoft Visual Studio Solution File, Format Version 12.00
# Visual Studio Version 17
VisualStudioVersion = 17.12.35527.113
MinimumVisualStudioVersion = 10.0.40219.1
Project("{FAE04EC0-301F-11D3-BF4B-00C04F79EFBC}") = "ANS", "ANS\ANS.csproj", "{052C561E-76EF-4D28-9BC6-7B794EFE6F93}"
EndProject
Project("{FAE04EC0-301F-11D3-BF4B-00C04F79EFBC}") = "TAAS.Reports", "TAAS.Reports\TAAS.Reports.csproj", "{7A920AF1-0564-4508-8B30-1006214AB8BE}"
EndProject
Project("{FAE04EC0-301F-11D3-BF4B-00C04F79EFBC}") = "SharedDTOs", "SharedDTOs\SharedDTOs.csproj", "{D37FEAF4-2B35-4C69-B55E-FA9773FB6F5A}"
EndProject
Global
	GlobalSection(SolutionConfigurationPlatforms) = preSolution
		Debug|Any CPU = Debug|Any CPU
		Release|Any CPU = Release|Any CPU
	EndGlobalSection
	GlobalSection(ProjectConfigurationPlatforms) = postSolution
		{052C561E-76EF-4D28-9BC6-7B794EFE6F93}.Debug|Any CPU.ActiveCfg = Debug|Any CPU
		{052C561E-76EF-4D28-9BC6-7B794EFE6F93}.Debug|Any CPU.Build.0 = Debug|Any CPU
		{052C561E-76EF-4D28-9BC6-7B794EFE6F93}.Release|Any CPU.ActiveCfg = Release|Any CPU
		{052C561E-76EF-4D28-9BC6-7B794EFE6F93}.Release|Any CPU.Build.0 = Release|Any CPU
		{7A920AF1-0564-4508-8B30-1006214AB8BE}.Debug|Any CPU.ActiveCfg = Debug|Any CPU
		{7A920AF1-0564-4508-8B30-1006214AB8BE}.Debug|Any CPU.Build.0 = Debug|Any CPU
		{7A920AF1-0564-4508-8B30-1006214AB8BE}.Release|Any CPU.ActiveCfg = Release|Any CPU
		{7A920AF1-0564-4508-8B30-1006214AB8BE}.Release|Any CPU.Build.0 = Release|Any CPU
		{D37FEAF4-2B35-4C69-B55E-FA9773FB6F5A}.Debug|Any CPU.ActiveCfg = Debug|Any CPU
		{D37FEAF4-2B35-4C69-B55E-FA9773FB6F5A}.Debug|Any CPU.Build.0 = Debug|Any CPU
		{D37FEAF4-2B35-4C69-B55E-FA9773FB6F5A}.Release|Any CPU.ActiveCfg = Release|Any CPU
		{D37FEAF4-2B35-4C69-B55E-FA9773FB6F5A}.Release|Any CPU.Build.0 = Release|Any CPU
	EndGlobalSection
	GlobalSection(SolutionProperties) = preSolution
		HideSolutionNode = FALSE
	EndGlobalSection
	GlobalSection(ExtensibilityGlobals) = postSolution
		SolutionGuid = {EF98C929-379C-4008-BD68-BC9A79CC5C44}
	EndGlobalSection
EndGlobal
